
Microsoft Visual Studio Solution File, Format Version 12.00
# Visual Studio Version 16
VisualStudioVersion = 16.0.30621.155
MinimumVisualStudioVersion = 10.0.40219.1
Project("{FAE04EC0-301F-11D3-BF4B-00C04F79EFBC}") = "UsingValidation.Android", "UsingValidation\UsingValidation.Android\UsingValidation.Android.csproj", "{F5277300-6366-4A51-B80D-5CE0881977B8}"
EndProject
Project("{FAE04EC0-301F-11D3-BF4B-00C04F79EFBC}") = "UsingValidation", "UsingValidation\UsingValidation\UsingValidation.csproj", "{C518A85F-F7BE-41E5-B5BC-208A25056015}"
EndProject
Global
	GlobalSection(SolutionConfigurationPlatforms) = preSolution
		Debug|Any CPU = Debug|Any CPU
		Release|Any CPU = Release|Any CPU
	EndGlobalSection
	GlobalSection(ProjectConfigurationPlatforms) = postSolution
		{F5277300-6366-4A51-B80D-5CE0881977B8}.Debug|Any CPU.ActiveCfg = Debug|Any CPU
		{F5277300-6366-4A51-B80D-5CE0881977B8}.Debug|Any CPU.Build.0 = Debug|Any CPU
		{F5277300-6366-4A51-B80D-5CE0881977B8}.Debug|Any CPU.Deploy.0 = Debug|Any CPU
		{F5277300-6366-4A51-B80D-5CE0881977B8}.Release|Any CPU.ActiveCfg = Release|Any CPU
		{F5277300-6366-4A51-B80D-5CE0881977B8}.Release|Any CPU.Build.0 = Release|Any CPU
		{F5277300-6366-4A51-B80D-5CE0881977B8}.Release|Any CPU.Deploy.0 = Release|Any CPU
		{C518A85F-F7BE-41E5-B5BC-208A25056015}.Debug|Any CPU.ActiveCfg = Debug|Any CPU
		{C518A85F-F7BE-41E5-B5BC-208A25056015}.Debug|Any CPU.Build.0 = Debug|Any CPU
		{C518A85F-F7BE-41E5-B5BC-208A25056015}.Debug|Any CPU.Deploy.0 = Debug|Any CPU
		{C518A85F-F7BE-41E5-B5BC-208A25056015}.Release|Any CPU.ActiveCfg = Release|Any CPU
		{C518A85F-F7BE-41E5-B5BC-208A25056015}.Release|Any CPU.Build.0 = Release|Any CPU
		{C518A85F-F7BE-41E5-B5BC-208A25056015}.Release|Any CPU.Deploy.0 = Release|Any CPU
	EndGlobalSection
	GlobalSection(SolutionProperties) = preSolution
		HideSolutionNode = FALSE
	EndGlobalSection
	GlobalSection(ExtensibilityGlobals) = postSolution
		SolutionGuid = {73B8F5AD-894C-4653-9117-CACD22FAB5B0}
	EndGlobalSection
EndGlobal
